// !$*UTF8*$!
{
	archiveVersion = 1;
	classes = {
	};
	objectVersion = 50;
	objects = {

/* Begin PBXBuildFile section */
		1616331320C2812700BEA7A0 /* BouncingCircle.swift in Sources */ = {isa = PBXBuildFile; fileRef = 1616331220C2812700BEA7A0 /* BouncingCircle.swift */; };
		1616331520C2816C00BEA7A0 /* VirtualObjectARView.swift in Sources */ = {isa = PBXBuildFile; fileRef = 1616331420C2816C00BEA7A0 /* VirtualObjectARView.swift */; };
		1616331720C2821E00BEA7A0 /* Utilities.swift in Sources */ = {isa = PBXBuildFile; fileRef = 1616331620C2821E00BEA7A0 /* Utilities.swift */; };
		163EC73620AAE01C00F0ED40 /* AppDelegate.swift in Sources */ = {isa = PBXBuildFile; fileRef = 163EC73520AAE01C00F0ED40 /* AppDelegate.swift */; };
		163EC73820AAE01C00F0ED40 /* art.scnassets in Resources */ = {isa = PBXBuildFile; fileRef = 163EC73720AAE01C00F0ED40 /* art.scnassets */; };
		163EC73A20AAE01C00F0ED40 /* ARViewController.swift in Sources */ = {isa = PBXBuildFile; fileRef = 163EC73920AAE01C00F0ED40 /* ARViewController.swift */; };
		163EC73D20AAE01C00F0ED40 /* Main.storyboard in Resources */ = {isa = PBXBuildFile; fileRef = 163EC73B20AAE01C00F0ED40 /* Main.storyboard */; };
		163EC73F20AAE01C00F0ED40 /* Assets.xcassets in Resources */ = {isa = PBXBuildFile; fileRef = 163EC73E20AAE01C00F0ED40 /* Assets.xcassets */; };
		163EC74220AAE01C00F0ED40 /* LaunchScreen.storyboard in Resources */ = {isa = PBXBuildFile; fileRef = 163EC74020AAE01C00F0ED40 /* LaunchScreen.storyboard */; };
		1676AF0122156C8700D83B43 /* OverlayPlane.swift in Sources */ = {isa = PBXBuildFile; fileRef = 1676AF0022156C8600D83B43 /* OverlayPlane.swift */; };
		16880A2E20C2AA24008D2E3E /* FeaturePointsNode.swift in Sources */ = {isa = PBXBuildFile; fileRef = 16880A2D20C2AA24008D2E3E /* FeaturePointsNode.swift */; };
		16880A3020C2AE15008D2E3E /* ARViewControllerExtension.swift in Sources */ = {isa = PBXBuildFile; fileRef = 16880A2F20C2AE15008D2E3E /* ARViewControllerExtension.swift */; };
/* End PBXBuildFile section */

/* Begin PBXFileReference section */
		1616331220C2812700BEA7A0 /* BouncingCircle.swift */ = {isa = PBXFileReference; fileEncoding = 4; lastKnownFileType = sourcecode.swift; path = BouncingCircle.swift; sourceTree = "<group>"; };
		1616331420C2816C00BEA7A0 /* VirtualObjectARView.swift */ = {isa = PBXFileReference; fileEncoding = 4; lastKnownFileType = sourcecode.swift; path = VirtualObjectARView.swift; sourceTree = "<group>"; };
		1616331620C2821E00BEA7A0 /* Utilities.swift */ = {isa = PBXFileReference; fileEncoding = 4; lastKnownFileType = sourcecode.swift; path = Utilities.swift; sourceTree = "<group>"; };
		163EC73220AAE01C00F0ED40 /* FeaturePoints.app */ = {isa = PBXFileReference; explicitFileType = wrapper.application; includeInIndex = 0; path = FeaturePoints.app; sourceTree = BUILT_PRODUCTS_DIR; };
		163EC73520AAE01C00F0ED40 /* AppDelegate.swift */ = {isa = PBXFileReference; lastKnownFileType = sourcecode.swift; path = AppDelegate.swift; sourceTree = "<group>"; };
		163EC73720AAE01C00F0ED40 /* art.scnassets */ = {isa = PBXFileReference; lastKnownFileType = wrapper.scnassets; path = art.scnassets; sourceTree = "<group>"; };
		163EC73920AAE01C00F0ED40 /* ARViewController.swift */ = {isa = PBXFileReference; lastKnownFileType = sourcecode.swift; path = ARViewController.swift; sourceTree = "<group>"; };
		163EC73C20AAE01C00F0ED40 /* Base */ = {isa = PBXFileReference; lastKnownFileType = file.storyboard; name = Base; path = Base.lproj/Main.storyboard; sourceTree = "<group>"; };
		163EC73E20AAE01C00F0ED40 /* Assets.xcassets */ = {isa = PBXFileReference; lastKnownFileType = folder.assetcatalog; path = Assets.xcassets; sourceTree = "<group>"; };
		163EC74120AAE01C00F0ED40 /* Base */ = {isa = PBXFileReference; lastKnownFileType = file.storyboard; name = Base; path = Base.lproj/LaunchScreen.storyboard; sourceTree = "<group>"; };
		163EC74320AAE01C00F0ED40 /* Info.plist */ = {isa = PBXFileReference; lastKnownFileType = text.plist.xml; path = Info.plist; sourceTree = "<group>"; };
		1676AF0022156C8600D83B43 /* OverlayPlane.swift */ = {isa = PBXFileReference; fileEncoding = 4; lastKnownFileType = sourcecode.swift; path = OverlayPlane.swift; sourceTree = "<group>"; };
		16880A2D20C2AA24008D2E3E /* FeaturePointsNode.swift */ = {isa = PBXFileReference; lastKnownFileType = sourcecode.swift; path = FeaturePointsNode.swift; sourceTree = "<group>"; };
		16880A2F20C2AE15008D2E3E /* ARViewControllerExtension.swift */ = {isa = PBXFileReference; lastKnownFileType = sourcecode.swift; path = ARViewControllerExtension.swift; sourceTree = "<group>"; };
/* End PBXFileReference section */

/* Begin PBXFrameworksBuildPhase section */
		163EC72F20AAE01C00F0ED40 /* Frameworks */ = {
			isa = PBXFrameworksBuildPhase;
			buildActionMask = 2147483647;
			files = (
			);
			runOnlyForDeploymentPostprocessing = 0;
		};
/* End PBXFrameworksBuildPhase section */

/* Begin PBXGroup section */
		163EC72920AAE01C00F0ED40 = {
			isa = PBXGroup;
			children = (
				163EC73420AAE01C00F0ED40 /* FeaturePoints */,
				163EC73320AAE01C00F0ED40 /* Products */,
			);
			sourceTree = "<group>";
		};
		163EC73320AAE01C00F0ED40 /* Products */ = {
			isa = PBXGroup;
			children = (
				163EC73220AAE01C00F0ED40 /* FeaturePoints.app */,
			);
			name = Products;
			sourceTree = "<group>";
		};
		163EC73420AAE01C00F0ED40 /* FeaturePoints */ = {
			isa = PBXGroup;
			children = (
				163EC73520AAE01C00F0ED40 /* AppDelegate.swift */,
				163EC73720AAE01C00F0ED40 /* art.scnassets */,
				163EC73920AAE01C00F0ED40 /* ARViewController.swift */,
				16880A2F20C2AE15008D2E3E /* ARViewControllerExtension.swift */,
				16880A2D20C2AA24008D2E3E /* FeaturePointsNode.swift */,
				1616331220C2812700BEA7A0 /* BouncingCircle.swift */,
				1616331420C2816C00BEA7A0 /* VirtualObjectARView.swift */,
				1676AF0022156C8600D83B43 /* OverlayPlane.swift */,
				1616331620C2821E00BEA7A0 /* Utilities.swift */,
				163EC73B20AAE01C00F0ED40 /* Main.storyboard */,
				163EC73E20AAE01C00F0ED40 /* Assets.xcassets */,
				163EC74020AAE01C00F0ED40 /* LaunchScreen.storyboard */,
				163EC74320AAE01C00F0ED40 /* Info.plist */,
			);
			path = FeaturePoints;
			sourceTree = "<group>";
		};
/* End PBXGroup section */

/* Begin PBXNativeTarget section */
		163EC73120AAE01C00F0ED40 /* FeaturePoints */ = {
			isa = PBXNativeTarget;
			buildConfigurationList = 163EC74620AAE01C00F0ED40 /* Build configuration list for PBXNativeTarget "FeaturePoints" */;
			buildPhases = (
				163EC72E20AAE01C00F0ED40 /* Sources */,
				163EC72F20AAE01C00F0ED40 /* Frameworks */,
				163EC73020AAE01C00F0ED40 /* Resources */,
			);
			buildRules = (
			);
			dependencies = (
			);
			name = FeaturePoints;
			productName = FeaturePoints;
			productReference = 163EC73220AAE01C00F0ED40 /* FeaturePoints.app */;
			productType = "com.apple.product-type.application";
		};
/* End PBXNativeTarget section */

/* Begin PBXProject section */
		163EC72A20AAE01C00F0ED40 /* Project object */ = {
			isa = PBXProject;
			attributes = {
				LastSwiftUpdateCheck = 0930;
				LastUpgradeCheck = 0930;
				ORGANIZATIONNAME = "Avantari Technologies";
				TargetAttributes = {
					163EC73120AAE01C00F0ED40 = {
						CreatedOnToolsVersion = 9.3;
					};
				};
			};
			buildConfigurationList = 163EC72D20AAE01C00F0ED40 /* Build configuration list for PBXProject "FeaturePoints" */;
			compatibilityVersion = "Xcode 9.3";
			developmentRegion = en;
			hasScannedForEncodings = 0;
			knownRegions = (
				en,
				Base,
			);
			mainGroup = 163EC72920AAE01C00F0ED40;
			productRefGroup = 163EC73320AAE01C00F0ED40 /* Products */;
			projectDirPath = "";
			projectRoot = "";
			targets = (
				163EC73120AAE01C00F0ED40 /* FeaturePoints */,
			);
		};
/* End PBXProject section */

/* Begin PBXResourcesBuildPhase section */
		163EC73020AAE01C00F0ED40 /* Resources */ = {
			isa = PBXResourcesBuildPhase;
			buildActionMask = 2147483647;
			files = (
				163EC73820AAE01C00F0ED40 /* art.scnassets in Resources */,
				163EC74220AAE01C00F0ED40 /* LaunchScreen.storyboard in Resources */,
				163EC73F20AAE01C00F0ED40 /* Assets.xcassets in Resources */,
				163EC73D20AAE01C00F0ED40 /* Main.storyboard in Resources */,
			);
			runOnlyForDeploymentPostprocessing = 0;
		};
/* End PBXResourcesBuildPhase section */

/* Begin PBXSourcesBuildPhase section */
		163EC72E20AAE01C00F0ED40 /* Sources */ = {
			isa = PBXSourcesBuildPhase;
			buildActionMask = 2147483647;
			files = (
				16880A3020C2AE15008D2E3E /* ARViewControllerExtension.swift in Sources */,
				1616331720C2821E00BEA7A0 /* Utilities.swift in Sources */,
				163EC73A20AAE01C00F0ED40 /* ARViewController.swift in Sources */,
				1616331520C2816C00BEA7A0 /* VirtualObjectARView.swift in Sources */,
				16880A2E20C2AA24008D2E3E /* FeaturePointsNode.swift in Sources */,
				1616331320C2812700BEA7A0 /* BouncingCircle.swift in Sources */,
				163EC73620AAE01C00F0ED40 /* AppDelegate.swift in Sources */,
				1676AF0122156C8700D83B43 /* OverlayPlane.swift in Sources */,
			);
			runOnlyForDeploymentPostprocessing = 0;
		};
/* End PBXSourcesBuildPhase section */

/* Begin PBXVariantGroup section */
		163EC73B20AAE01C00F0ED40 /* Main.storyboard */ = {
			isa = PBXVariantGroup;
			children = (
				163EC73C20AAE01C00F0ED40 /* Base */,
			);
			name = Main.storyboard;
			sourceTree = "<group>";
		};
		163EC74020AAE01C00F0ED40 /* LaunchScreen.storyboard */ = {
			isa = PBXVariantGroup;
			children = (
				163EC74120AAE01C00F0ED40 /* Base */,
			);
			name = LaunchScreen.storyboard;
			sourceTree = "<group>";
		};
/* End PBXVariantGroup section */

/* Begin XCBuildConfiguration section */
		163EC74420AAE01C00F0ED40 /* Debug */ = {
			isa = XCBuildConfiguration;
			buildSettings = {
				ALWAYS_SEARCH_USER_PATHS = NO;
				CLANG_ANALYZER_NONNULL = YES;
				CLANG_ANALYZER_NUMBER_OBJECT_CONVERSION = YES_AGGRESSIVE;
				CLANG_CXX_LANGUAGE_STANDARD = "gnu++14";
				CLANG_CXX_LIBRARY = "libc++";
				CLANG_ENABLE_MODULES = YES;
				CLANG_ENABLE_OBJC_ARC = YES;
				CLANG_ENABLE_OBJC_WEAK = YES;
				CLANG_WARN_BLOCK_CAPTURE_AUTORELEASING = YES;
				CLANG_WARN_BOOL_CONVERSION = YES;
				CLANG_WARN_COMMA = YES;
				CLANG_WARN_CONSTANT_CONVERSION = YES;
				CLANG_WARN_DEPRECATED_OBJC_IMPLEMENTATIONS = YES;
				CLANG_WARN_DIRECT_OBJC_ISA_USAGE = YES_ERROR;
				CLANG_WARN_DOCUMENTATION_COMMENTS = YES;
				CLANG_WARN_EMPTY_BODY = YES;
				CLANG_WARN_ENUM_CONVERSION = YES;
				CLANG_WARN_INFINITE_RECURSION = YES;
				CLANG_WARN_INT_CONVERSION = YES;
				CLANG_WARN_NON_LITERAL_NULL_CONVERSION = YES;
				CLANG_WARN_OBJC_IMPLICIT_RETAIN_SELF = YES;
				CLANG_WARN_OBJC_LITERAL_CONVERSION = YES;
				CLANG_WARN_OBJC_ROOT_CLASS = YES_ERROR;
				CLANG_WARN_RANGE_LOOP_ANALYSIS = YES;
				CLANG_WARN_STRICT_PROTOTYPES = YES;
				CLANG_WARN_SUSPICIOUS_MOVE = YES;
				CLANG_WARN_UNGUARDED_AVAILABILITY = YES_AGGRESSIVE;
				CLANG_WARN_UNREACHABLE_CODE = YES;
				CLANG_WARN__DUPLICATE_METHOD_MATCH = YES;
				CODE_SIGN_IDENTITY = "iPhone Developer";
				COPY_PHASE_STRIP = NO;
				DEBUG_INFORMATION_FORMAT = dwarf;
				ENABLE_STRICT_OBJC_MSGSEND = YES;
				ENABLE_TESTABILITY = YES;
				GCC_C_LANGUAGE_STANDARD = gnu11;
				GCC_DYNAMIC_NO_PIC = NO;
				GCC_NO_COMMON_BLOCKS = YES;
				GCC_OPTIMIZATION_LEVEL = 0;
				GCC_PREPROCESSOR_DEFINITIONS = (
					"DEBUG=1",
					"$(inherited)",
				);
				GCC_WARN_64_TO_32_BIT_CONVERSION = YES;
				GCC_WARN_ABOUT_RETURN_TYPE = YES_ERROR;
				GCC_WARN_UNDECLARED_SELECTOR = YES;
				GCC_WARN_UNINITIALIZED_AUTOS = YES_AGGRESSIVE;
				GCC_WARN_UNUSED_FUNCTION = YES;
				GCC_WARN_UNUSED_VARIABLE = YES;
				IPHONEOS_DEPLOYMENT_TARGET = 11.3;
				MTL_ENABLE_DEBUG_INFO = YES;
				ONLY_ACTIVE_ARCH = YES;
				SDKROOT = iphoneos;
				SWIFT_ACTIVE_COMPILATION_CONDITIONS = DEBUG;
				SWIFT_OPTIMIZATION_LEVEL = "-Onone";
			};
			name = Debug;
		};
		163EC74520AAE01C00F0ED40 /* Release */ = {
			isa = XCBuildConfiguration;
			buildSettings = {
				ALWAYS_SEARCH_USER_PATHS = NO;
				CLANG_ANALYZER_NONNULL = YES;
				CLANG_ANALYZER_NUMBER_OBJECT_CONVERSION = YES_AGGRESSIVE;
				CLANG_CXX_LANGUAGE_STANDARD = "gnu++14";
				CLANG_CXX_LIBRARY = "libc++";
				CLANG_ENABLE_MODULES = YES;
				CLANG_ENABLE_OBJC_ARC = YES;
				CLANG_ENABLE_OBJC_WEAK = YES;
				CLANG_WARN_BLOCK_CAPTURE_AUTORELEASING = YES;
				CLANG_WARN_BOOL_CONVERSION = YES;
				CLANG_WARN_COMMA = YES;
				CLANG_WARN_CONSTANT_CONVERSION = YES;
				CLANG_WARN_DEPRECATED_OBJC_IMPLEMENTATIONS = YES;
				CLANG_WARN_DIRECT_OBJC_ISA_USAGE = YES_ERROR;
				CLANG_WARN_DOCUMENTATION_COMMENTS = YES;
				CLANG_WARN_EMPTY_BODY = YES;
				CLANG_WARN_ENUM_CONVERSION = YES;
				CLANG_WARN_INFINITE_RECURSION = YES;
				CLANG_WARN_INT_CONVERSION = YES;
				CLANG_WARN_NON_LITERAL_NULL_CONVERSION = YES;
				CLANG_WARN_OBJC_IMPLICIT_RETAIN_SELF = YES;
				CLANG_WARN_OBJC_LITERAL_CONVERSION = YES;
				CLANG_WARN_OBJC_ROOT_CLASS = YES_ERROR;
				CLANG_WARN_RANGE_LOOP_ANALYSIS = YES;
				CLANG_WARN_STRICT_PROTOTYPES = YES;
				CLANG_WARN_SUSPICIOUS_MOVE = YES;
				CLANG_WARN_UNGUARDED_AVAILABILITY = YES_AGGRESSIVE;
				CLANG_WARN_UNREACHABLE_CODE = YES;
				CLANG_WARN__DUPLICATE_METHOD_MATCH = YES;
				CODE_SIGN_IDENTITY = "iPhone Developer";
				COPY_PHASE_STRIP = NO;
				DEBUG_INFORMATION_FORMAT = "dwarf-with-dsym";
				ENABLE_NS_ASSERTIONS = NO;
				ENABLE_STRICT_OBJC_MSGSEND = YES;
				GCC_C_LANGUAGE_STANDARD = gnu11;
				GCC_NO_COMMON_BLOCKS = YES;
				GCC_WARN_64_TO_32_BIT_CONVERSION = YES;
				GCC_WARN_ABOUT_RETURN_TYPE = YES_ERROR;
				GCC_WARN_UNDECLARED_SELECTOR = YES;
				GCC_WARN_UNINITIALIZED_AUTOS = YES_AGGRESSIVE;
				GCC_WARN_UNUSED_FUNCTION = YES;
				GCC_WARN_UNUSED_VARIABLE = YES;
				IPHONEOS_DEPLOYMENT_TARGET = 11.3;
				MTL_ENABLE_DEBUG_INFO = NO;
				SDKROOT = iphoneos;
				SWIFT_COMPILATION_MODE = wholemodule;
				SWIFT_OPTIMIZATION_LEVEL = "-O";
				VALIDATE_PRODUCT = YES;
			};
			name = Release;
		};
		163EC74720AAE01C00F0ED40 /* Debug */ = {
			isa = XCBuildConfiguration;
			buildSettings = {
				ASSETCATALOG_COMPILER_APPICON_NAME = AppIcon;
				CODE_SIGN_STYLE = Automatic;
				DEVELOPMENT_TEAM = W3C9BD2TD6;
				INFOPLIST_FILE = FeaturePoints/Info.plist;
				IPHONEOS_DEPLOYMENT_TARGET = 11.3;
				LD_RUNPATH_SEARCH_PATHS = (
					"$(inherited)",
					"@executable_path/Frameworks",
				);
				PRODUCT_BUNDLE_IDENTIFIER = Avantari.FeaturePoints;
				PRODUCT_NAME = "$(TARGET_NAME)";
				SWIFT_VERSION = 4.0;
				TARGETED_DEVICE_FAMILY = "1,2";
			};
			name = Debug;
		};
		163EC74820AAE01C00F0ED40 /* Release */ = {
			isa = XCBuildConfiguration;
			buildSettings = {
				ASSETCATALOG_COMPILER_APPICON_NAME = AppIcon;
				CODE_SIGN_STYLE = Automatic;
				DEVELOPMENT_TEAM = W3C9BD2TD6;
				INFOPLIST_FILE = FeaturePoints/Info.plist;
				IPHONEOS_DEPLOYMENT_TARGET = 11.3;
				LD_RUNPATH_SEARCH_PATHS = (
					"$(inherited)",
					"@executable_path/Frameworks",
				);
				PRODUCT_BUNDLE_IDENTIFIER = Avantari.FeaturePoints;
				PRODUCT_NAME = "$(TARGET_NAME)";
				SWIFT_VERSION = 4.0;
				TARGETED_DEVICE_FAMILY = "1,2";
			};
			name = Release;
		};
/* End XCBuildConfiguration section */

/* Begin XCConfigurationList section */
		163EC72D20AAE01C00F0ED40 /* Build configuration list for PBXProject "FeaturePoints" */ = {
			isa = XCConfigurationList;
			buildConfigurations = (
				163EC74420AAE01C00F0ED40 /* Debug */,
				163EC74520AAE01C00F0ED40 /* Release */,
			);
			defaultConfigurationIsVisible = 0;
			defaultConfigurationName = Release;
		};
		163EC74620AAE01C00F0ED40 /* Build configuration list for PBXNativeTarget "FeaturePoints" */ = {
			isa = XCConfigurationList;
			buildConfigurations = (
				163EC74720AAE01C00F0ED40 /* Debug */,
				163EC74820AAE01C00F0ED40 /* Release */,
			);
			defaultConfigurationIsVisible = 0;
			defaultConfigurationName = Release;
		};
/* End XCConfigurationList section */
	};
	rootObject = 163EC72A20AAE01C00F0ED40 /* Project object */;
}
